
Microsoft Visual Studio Solution File, Format Version 12.00
# Visual Studio Version 17
VisualStudioVersion = 17.0.31903.59
MinimumVisualStudioVersion = 10.0.40219.1
Project("{FAE04EC0-301F-11D3-BF4B-00C04F79EFBC}") = "Domain.Common", "Domain.Common\Domain.Common.csproj", "{AC18EE4B-8004-444D-80D6-472040F143C9}"
EndProject
Project("{2150E333-8FDC-42A3-9474-1A3956D46DE8}") = "solution-items", "solution-items", "{B68CB1FD-1578-48AD-887D-7DD6A7BCC7E5}"
	ProjectSection(SolutionItems) = preProject
		.gitignore = .gitignore
		.editorconfig = .editorconfig
		Directory.Build.props = Directory.Build.props
		README.md = README.md
	EndProjectSection
EndProject
Project("{2150E333-8FDC-42A3-9474-1A3956D46DE8}") = "tests", "tests", "{75C9265F-23CA-44DB-94F0-999D8685F12F}"
EndProject
Project("{FAE04EC0-301F-11D3-BF4B-00C04F79EFBC}") = "DDD.Common.Tests", "DDD.Common.Tests\DDD.Common.Tests.csproj", "{F2D62120-6985-4306-97A5-C451E16AE88C}"
EndProject
Project("{FAE04EC0-301F-11D3-BF4B-00C04F79EFBC}") = "Application.Common", "Application.Common\Application.Common.csproj", "{34D01BD6-8CBC-40D6-87B1-0F3A834AD75E}"
EndProject
Project("{FAE04EC0-301F-11D3-BF4B-00C04F79EFBC}") = "DataAccess.Common", "DataAccess.Common\DataAccess.Common.csproj", "{E766C518-B11A-402B-B97A-9969010E0EE1}"
EndProject
Project("{2150E333-8FDC-42A3-9474-1A3956D46DE8}") = "examples", "examples", "{59FBDAC3-92D6-4BC5-8572-03574C572C2D}"
EndProject
Project("{2150E333-8FDC-42A3-9474-1A3956D46DE8}") = "ToDoList", "ToDoList", "{A021906B-460D-4A92-A203-5E0357E16F7E}"
EndProject
Project("{FAE04EC0-301F-11D3-BF4B-00C04F79EFBC}") = "ToDoList.Domain", "examples\ToDoList\ToDoList.Domain\ToDoList.Domain.csproj", "{41879F11-3476-4E7F-AE66-5C20CD230C52}"
EndProject
Project("{FAE04EC0-301F-11D3-BF4B-00C04F79EFBC}") = "Utils.Guard", "Utils.Guard\Utils.Guard.csproj", "{524BE8D6-0B14-4566-9D54-88FA1306967F}"
EndProject
Project("{FAE04EC0-301F-11D3-BF4B-00C04F79EFBC}") = "ToDoList.Application", "examples\ToDoList\ToDoList.Application\ToDoList.Application.csproj", "{76F68CF7-8353-4BB8-AD22-03137F0368AB}"
EndProject
Project("{FAE04EC0-301F-11D3-BF4B-00C04F79EFBC}") = "ToDoList.DataAccess", "examples\ToDoList\ToDoList.DataAccess\ToDoList.DataAccess.csproj", "{28E7742B-55B0-46A6-BA91-40EA2BAF61BF}"
EndProject
Project("{FAE04EC0-301F-11D3-BF4B-00C04F79EFBC}") = "ToDoList.Api", "examples\ToDoList\ToDoList.Api\ToDoList.Api.csproj", "{ACC08E01-61D0-4D50-A445-D3C1310F033A}"
EndProject
Project("{FAE04EC0-301F-11D3-BF4B-00C04F79EFBC}") = "ToDoList.Constants", "examples\ToDoList\ToDoList.Constants\ToDoList.Constants.csproj", "{734675AD-4D2F-49D7-8C57-970203D0A4A0}"
EndProject
Global
	GlobalSection(SolutionConfigurationPlatforms) = preSolution
		Debug|Any CPU = Debug|Any CPU
		Release|Any CPU = Release|Any CPU
	EndGlobalSection
	GlobalSection(SolutionProperties) = preSolution
		HideSolutionNode = FALSE
	EndGlobalSection
	GlobalSection(ProjectConfigurationPlatforms) = postSolution
		{AC18EE4B-8004-444D-80D6-472040F143C9}.Debug|Any CPU.ActiveCfg = Debug|Any CPU
		{AC18EE4B-8004-444D-80D6-472040F143C9}.Debug|Any CPU.Build.0 = Debug|Any CPU
		{AC18EE4B-8004-444D-80D6-472040F143C9}.Release|Any CPU.ActiveCfg = Release|Any CPU
		{AC18EE4B-8004-444D-80D6-472040F143C9}.Release|Any CPU.Build.0 = Release|Any CPU
		{F2D62120-6985-4306-97A5-C451E16AE88C}.Debug|Any CPU.ActiveCfg = Debug|Any CPU
		{F2D62120-6985-4306-97A5-C451E16AE88C}.Debug|Any CPU.Build.0 = Debug|Any CPU
		{F2D62120-6985-4306-97A5-C451E16AE88C}.Release|Any CPU.ActiveCfg = Release|Any CPU
		{F2D62120-6985-4306-97A5-C451E16AE88C}.Release|Any CPU.Build.0 = Release|Any CPU
		{34D01BD6-8CBC-40D6-87B1-0F3A834AD75E}.Debug|Any CPU.ActiveCfg = Debug|Any CPU
		{34D01BD6-8CBC-40D6-87B1-0F3A834AD75E}.Debug|Any CPU.Build.0 = Debug|Any CPU
		{34D01BD6-8CBC-40D6-87B1-0F3A834AD75E}.Release|Any CPU.ActiveCfg = Release|Any CPU
		{34D01BD6-8CBC-40D6-87B1-0F3A834AD75E}.Release|Any CPU.Build.0 = Release|Any CPU
		{E766C518-B11A-402B-B97A-9969010E0EE1}.Debug|Any CPU.ActiveCfg = Debug|Any CPU
		{E766C518-B11A-402B-B97A-9969010E0EE1}.Debug|Any CPU.Build.0 = Debug|Any CPU
		{E766C518-B11A-402B-B97A-9969010E0EE1}.Release|Any CPU.ActiveCfg = Release|Any CPU
		{E766C518-B11A-402B-B97A-9969010E0EE1}.Release|Any CPU.Build.0 = Release|Any CPU
		{41879F11-3476-4E7F-AE66-5C20CD230C52}.Debug|Any CPU.ActiveCfg = Debug|Any CPU
		{41879F11-3476-4E7F-AE66-5C20CD230C52}.Debug|Any CPU.Build.0 = Debug|Any CPU
		{41879F11-3476-4E7F-AE66-5C20CD230C52}.Release|Any CPU.ActiveCfg = Release|Any CPU
		{41879F11-3476-4E7F-AE66-5C20CD230C52}.Release|Any CPU.Build.0 = Release|Any CPU
		{524BE8D6-0B14-4566-9D54-88FA1306967F}.Debug|Any CPU.ActiveCfg = Debug|Any CPU
		{524BE8D6-0B14-4566-9D54-88FA1306967F}.Debug|Any CPU.Build.0 = Debug|Any CPU
		{524BE8D6-0B14-4566-9D54-88FA1306967F}.Release|Any CPU.ActiveCfg = Release|Any CPU
		{524BE8D6-0B14-4566-9D54-88FA1306967F}.Release|Any CPU.Build.0 = Release|Any CPU
		{76F68CF7-8353-4BB8-AD22-03137F0368AB}.Debug|Any CPU.ActiveCfg = Debug|Any CPU
		{76F68CF7-8353-4BB8-AD22-03137F0368AB}.Debug|Any CPU.Build.0 = Debug|Any CPU
		{76F68CF7-8353-4BB8-AD22-03137F0368AB}.Release|Any CPU.ActiveCfg = Release|Any CPU
		{76F68CF7-8353-4BB8-AD22-03137F0368AB}.Release|Any CPU.Build.0 = Release|Any CPU
		{28E7742B-55B0-46A6-BA91-40EA2BAF61BF}.Debug|Any CPU.ActiveCfg = Debug|Any CPU
		{28E7742B-55B0-46A6-BA91-40EA2BAF61BF}.Debug|Any CPU.Build.0 = Debug|Any CPU
		{28E7742B-55B0-46A6-BA91-40EA2BAF61BF}.Release|Any CPU.ActiveCfg = Release|Any CPU
		{28E7742B-55B0-46A6-BA91-40EA2BAF61BF}.Release|Any CPU.Build.0 = Release|Any CPU
		{ACC08E01-61D0-4D50-A445-D3C1310F033A}.Debug|Any CPU.ActiveCfg = Debug|Any CPU
		{ACC08E01-61D0-4D50-A445-D3C1310F033A}.Debug|Any CPU.Build.0 = Debug|Any CPU
		{ACC08E01-61D0-4D50-A445-D3C1310F033A}.Release|Any CPU.ActiveCfg = Release|Any CPU
		{ACC08E01-61D0-4D50-A445-D3C1310F033A}.Release|Any CPU.Build.0 = Release|Any CPU
		{734675AD-4D2F-49D7-8C57-970203D0A4A0}.Debug|Any CPU.ActiveCfg = Debug|Any CPU
		{734675AD-4D2F-49D7-8C57-970203D0A4A0}.Debug|Any CPU.Build.0 = Debug|Any CPU
		{734675AD-4D2F-49D7-8C57-970203D0A4A0}.Release|Any CPU.ActiveCfg = Release|Any CPU
		{734675AD-4D2F-49D7-8C57-970203D0A4A0}.Release|Any CPU.Build.0 = Release|Any CPU
	EndGlobalSection
	GlobalSection(NestedProjects) = preSolution
		{F2D62120-6985-4306-97A5-C451E16AE88C} = {75C9265F-23CA-44DB-94F0-999D8685F12F}
		{A021906B-460D-4A92-A203-5E0357E16F7E} = {59FBDAC3-92D6-4BC5-8572-03574C572C2D}
		{41879F11-3476-4E7F-AE66-5C20CD230C52} = {A021906B-460D-4A92-A203-5E0357E16F7E}
		{76F68CF7-8353-4BB8-AD22-03137F0368AB} = {A021906B-460D-4A92-A203-5E0357E16F7E}
		{28E7742B-55B0-46A6-BA91-40EA2BAF61BF} = {A021906B-460D-4A92-A203-5E0357E16F7E}
		{ACC08E01-61D0-4D50-A445-D3C1310F033A} = {A021906B-460D-4A92-A203-5E0357E16F7E}
		{734675AD-4D2F-49D7-8C57-970203D0A4A0} = {A021906B-460D-4A92-A203-5E0357E16F7E}
	EndGlobalSection
EndGlobal
